
Microsoft Visual Studio Solution File, Format Version 12.00
# Visual Studio Version 17
VisualStudioVersion = 17.10.35013.160
MinimumVisualStudioVersion = 10.0.40219.1
Project("{FAE04EC0-301F-11D3-BF4B-00C04F79EFBC}") = "EfeTasinmazApp.API", "EfeTasinmazApp.API\EfeTasinmazApp.API.csproj", "{A29C507B-29D1-4107-840F-9298DD4CEC08}"
EndProject
Global
	GlobalSection(SolutionConfigurationPlatforms) = preSolution
		Debug|Any CPU = Debug|Any CPU
		Release|Any CPU = Release|Any CPU
	EndGlobalSection
	GlobalSection(ProjectConfigurationPlatforms) = postSolution
		{A29C507B-29D1-4107-840F-9298DD4CEC08}.Debug|Any CPU.ActiveCfg = Debug|Any CPU
		{A29C507B-29D1-4107-840F-9298DD4CEC08}.Debug|Any CPU.Build.0 = Debug|Any CPU
		{A29C507B-29D1-4107-840F-9298DD4CEC08}.Release|Any CPU.ActiveCfg = Release|Any CPU
		{A29C507B-29D1-4107-840F-9298DD4CEC08}.Release|Any CPU.Build.0 = Release|Any CPU
	EndGlobalSection
	GlobalSection(SolutionProperties) = preSolution
		HideSolutionNode = FALSE
	EndGlobalSection
	GlobalSection(ExtensibilityGlobals) = postSolution
		SolutionGuid = {7599CC25-AE2B-4A1B-9127-7CAC2F089B07}
	EndGlobalSection
EndGlobal
